# THIS IS AN AUTOGENERATED FILE. DO NOT EDIT THIS FILE DIRECTLY.
# yarn lockfile v1


three@^0.175.0:
  version "0.175.0"
  resolved "https://registry.yarnpkg.com/three/-/three-0.175.0.tgz#67b357b0b1ee8ef0445b9a768f59363ab1fa7921"
  integrity sha512-nNE3pnTHxXN/Phw768u0Grr7W4+rumGg/H6PgeseNJojkJtmeHJfZWi41Gp2mpXl1pg1pf1zjwR4McM1jTqkpg==
